
Microsoft Visual Studio Solution File, Format Version 12.00
# Visual Studio Version 17
VisualStudioVersion = 17.9.34723.18
MinimumVisualStudioVersion = 10.0.40219.1
Project("{8BC9CEB8-8B4A-11D0-8D11-00A0C91BC942}") = "studyProject", "studyProject\studyProject.vcxproj", "{8B9FCCAC-3F0F-4CBF-8207-E6D46388A86B}"
EndProject
Global
	GlobalSection(SolutionConfigurationPlatforms) = preSolution
		Debug|x64 = Debug|x64
		Debug|x86 = Debug|x86
		Release|x64 = Release|x64
		Release|x86 = Release|x86
	EndGlobalSection
	GlobalSection(ProjectConfigurationPlatforms) = postSolution
		{8B9FCCAC-3F0F-4CBF-8207-E6D46388A86B}.Debug|x64.ActiveCfg = Debug|x64
		{8B9FCCAC-3F0F-4CBF-8207-E6D46388A86B}.Debug|x64.Build.0 = Debug|x64
		{8B9FCCAC-3F0F-4CBF-8207-E6D46388A86B}.Debug|x86.ActiveCfg = Debug|Win32
		{8B9FCCAC-3F0F-4CBF-8207-E6D46388A86B}.Debug|x86.Build.0 = Debug|Win32
		{8B9FCCAC-3F0F-4CBF-8207-E6D46388A86B}.Release|x64.ActiveCfg = Release|x64
		{8B9FCCAC-3F0F-4CBF-8207-E6D46388A86B}.Release|x64.Build.0 = Release|x64
		{8B9FCCAC-3F0F-4CBF-8207-E6D46388A86B}.Release|x86.ActiveCfg = Release|Win32
		{8B9FCCAC-3F0F-4CBF-8207-E6D46388A86B}.Release|x86.Build.0 = Release|Win32
	EndGlobalSection
	GlobalSection(SolutionProperties) = preSolution
		HideSolutionNode = FALSE
	EndGlobalSection
	GlobalSection(ExtensibilityGlobals) = postSolution
		SolutionGuid = {EC28CEC3-A08F-4B61-885E-1DC5C2155BD3}
	EndGlobalSection
EndGlobal
